
Microsoft Visual Studio Solution File, Format Version 12.00
# Visual Studio Version 17
VisualStudioVersion = 17.8.34330.188
MinimumVisualStudioVersion = 10.0.40219.1
Project("{FAE04EC0-301F-11D3-BF4B-00C04F79EFBC}") = "V_M_S", "V_M_S\V_M_S.csproj", "{23C185F8-00A7-4C62-8492-E653A5D3D045}"
EndProject
Global
	GlobalSection(SolutionConfigurationPlatforms) = preSolution
		Debug|Any CPU = Debug|Any CPU
		Release|Any CPU = Release|Any CPU
	EndGlobalSection
	GlobalSection(ProjectConfigurationPlatforms) = postSolution
		{23C185F8-00A7-4C62-8492-E653A5D3D045}.Debug|Any CPU.ActiveCfg = Debug|Any CPU
		{23C185F8-00A7-4C62-8492-E653A5D3D045}.Debug|Any CPU.Build.0 = Debug|Any CPU
		{23C185F8-00A7-4C62-8492-E653A5D3D045}.Release|Any CPU.ActiveCfg = Release|Any CPU
		{23C185F8-00A7-4C62-8492-E653A5D3D045}.Release|Any CPU.Build.0 = Release|Any CPU
	EndGlobalSection
	GlobalSection(SolutionProperties) = preSolution
		HideSolutionNode = FALSE
	EndGlobalSection
	GlobalSection(ExtensibilityGlobals) = postSolution
		SolutionGuid = {E611E8E5-6E26-4CDF-AD72-AD15B277FF77}
	EndGlobalSection
EndGlobal
